
Microsoft Visual Studio Solution File, Format Version 12.00
# Visual Studio 15
VisualStudioVersion = 15.0.28307.136
MinimumVisualStudioVersion = 10.0.40219.1
Project("{FAE04EC0-301F-11D3-BF4B-00C04F79EFBC}") = "InteractiveDataDisplay", "InteractiveDataDisplay\InteractiveDataDisplay.csproj", "{D84CDB50-28E5-49ED-B912-4C9B1B2F6B57}"
EndProject
Global
	GlobalSection(SolutionConfigurationPlatforms) = preSolution
		Debug|Any CPU = Debug|Any CPU
		Release|Any CPU = Release|Any CPU
	EndGlobalSection
	GlobalSection(ProjectConfigurationPlatforms) = postSolution
		{D84CDB50-28E5-49ED-B912-4C9B1B2F6B57}.Debug|Any CPU.ActiveCfg = Debug|Any CPU
		{D84CDB50-28E5-49ED-B912-4C9B1B2F6B57}.Debug|Any CPU.Build.0 = Debug|Any CPU
		{D84CDB50-28E5-49ED-B912-4C9B1B2F6B57}.Release|Any CPU.ActiveCfg = Release|Any CPU
		{D84CDB50-28E5-49ED-B912-4C9B1B2F6B57}.Release|Any CPU.Build.0 = Release|Any CPU
	EndGlobalSection
	GlobalSection(SolutionProperties) = preSolution
		HideSolutionNode = FALSE
	EndGlobalSection
	GlobalSection(ExtensibilityGlobals) = postSolution
		SolutionGuid = {EE4D89E2-9178-48AC-B9CB-DB46E792DE1F}
	EndGlobalSection
EndGlobal
